// !$*UTF8*$!
{
	archiveVersion = 1;
	classes = {
	};
	objectVersion = 56;
	objects = {

/* Begin PBXBuildFile section */
		4B283B962E288A3A00FDC1B4 /* HeaderView.swift in Sources */ = {isa = PBXBuildFile; fileRef = 4B283B952E288A3A00FDC1B4 /* HeaderView.swift */; };
		4B283B982E288BD100FDC1B4 /* VideoPlaybackViewModel.swift in Sources */ = {isa = PBXBuildFile; fileRef = 4B283B972E288BD100FDC1B4 /* VideoPlaybackViewModel.swift */; };
		4B283B9E2E288D2800FDC1B4 /* VideoPicker.swift in Sources */ = {isa = PBXBuildFile; fileRef = 4B283B9D2E288D2800FDC1B4 /* VideoPicker.swift */; };
		4B283BA02E288F2A00FDC1B4 /* ScreenSelectionView.swift in Sources */ = {isa = PBXBuildFile; fileRef = 4B283B9F2E288F2A00FDC1B4 /* ScreenSelectionView.swift */; };
		4B283BA22E288FA400FDC1B4 /* InlinePreviewView.swift in Sources */ = {isa = PBXBuildFile; fileRef = 4B283BA12E288FA400FDC1B4 /* InlinePreviewView.swift */; };
		4B283BA42E2893DD00FDC1B4 /* DisplayModel.swift in Sources */ = {isa = PBXBuildFile; fileRef = 4B283BA32E2893DD00FDC1B4 /* DisplayModel.swift */; };
		4BF2DA422E260BB000264EAF /* BiometryApp.swift in Sources */ = {isa = PBXBuildFile; fileRef = 4BF2DA412E260BB000264EAF /* BiometryApp.swift */; };
		4BF2DA442E260BB000264EAF /* ContentView.swift in Sources */ = {isa = PBXBuildFile; fileRef = 4BF2DA432E260BB000264EAF /* ContentView.swift */; };
		4BF2DA462E260BB100264EAF /* Assets.xcassets in Resources */ = {isa = PBXBuildFile; fileRef = 4BF2DA452E260BB100264EAF /* Assets.xcassets */; };
		4BF2DA492E260BB100264EAF /* Preview Assets.xcassets in Resources */ = {isa = PBXBuildFile; fileRef = 4BF2DA482E260BB100264EAF /* Preview Assets.xcassets */; };
		4BF2DA6E2E260F8600264EAF /* PrimaryButton.swift in Sources */ = {isa = PBXBuildFile; fileRef = 4BF2DA6D2E260F8600264EAF /* PrimaryButton.swift */; };
/* End PBXBuildFile section */

/* Begin PBXFileReference section */
		4B283B952E288A3A00FDC1B4 /* HeaderView.swift */ = {isa = PBXFileReference; lastKnownFileType = sourcecode.swift; path = HeaderView.swift; sourceTree = "<group>"; };
		4B283B972E288BD100FDC1B4 /* VideoPlaybackViewModel.swift */ = {isa = PBXFileReference; lastKnownFileType = sourcecode.swift; path = VideoPlaybackViewModel.swift; sourceTree = "<group>"; };
		4B283B9D2E288D2800FDC1B4 /* VideoPicker.swift */ = {isa = PBXFileReference; lastKnownFileType = sourcecode.swift; path = VideoPicker.swift; sourceTree = "<group>"; };
		4B283B9F2E288F2A00FDC1B4 /* ScreenSelectionView.swift */ = {isa = PBXFileReference; lastKnownFileType = sourcecode.swift; path = ScreenSelectionView.swift; sourceTree = "<group>"; };
		4B283BA12E288FA400FDC1B4 /* InlinePreviewView.swift */ = {isa = PBXFileReference; lastKnownFileType = sourcecode.swift; path = InlinePreviewView.swift; sourceTree = "<group>"; };
		4B283BA32E2893DD00FDC1B4 /* DisplayModel.swift */ = {isa = PBXFileReference; lastKnownFileType = sourcecode.swift; path = DisplayModel.swift; sourceTree = "<group>"; };
		4BF2DA3E2E260BB000264EAF /* Biometry.app */ = {isa = PBXFileReference; explicitFileType = wrapper.application; includeInIndex = 0; path = Biometry.app; sourceTree = BUILT_PRODUCTS_DIR; };
		4BF2DA412E260BB000264EAF /* BiometryApp.swift */ = {isa = PBXFileReference; lastKnownFileType = sourcecode.swift; path = BiometryApp.swift; sourceTree = "<group>"; };
		4BF2DA432E260BB000264EAF /* ContentView.swift */ = {isa = PBXFileReference; lastKnownFileType = sourcecode.swift; path = ContentView.swift; sourceTree = "<group>"; };
		4BF2DA452E260BB100264EAF /* Assets.xcassets */ = {isa = PBXFileReference; lastKnownFileType = folder.assetcatalog; path = Assets.xcassets; sourceTree = "<group>"; };
		4BF2DA482E260BB100264EAF /* Preview Assets.xcassets */ = {isa = PBXFileReference; lastKnownFileType = folder.assetcatalog; path = "Preview Assets.xcassets"; sourceTree = "<group>"; };
		4BF2DA4A2E260BB100264EAF /* Biometry.entitlements */ = {isa = PBXFileReference; lastKnownFileType = text.plist.entitlements; path = Biometry.entitlements; sourceTree = "<group>"; };
		4BF2DA6D2E260F8600264EAF /* PrimaryButton.swift */ = {isa = PBXFileReference; fileEncoding = 4; lastKnownFileType = sourcecode.swift; path = PrimaryButton.swift; sourceTree = "<group>"; };
/* End PBXFileReference section */

/* Begin PBXFrameworksBuildPhase section */
		4BF2DA3B2E260BB000264EAF /* Frameworks */ = {
			isa = PBXFrameworksBuildPhase;
			buildActionMask = 2147483647;
			files = (
			);
			runOnlyForDeploymentPostprocessing = 0;
		};
/* End PBXFrameworksBuildPhase section */

/* Begin PBXGroup section */
		4B283B992E288C6500FDC1B4 /* App */ = {
			isa = PBXGroup;
			children = (
				4BF2DA412E260BB000264EAF /* BiometryApp.swift */,
			);
			path = App;
			sourceTree = "<group>";
		};
		4B283B9A2E288C8400FDC1B4 /* Models */ = {
			isa = PBXGroup;
			children = (
				4B283BA32E2893DD00FDC1B4 /* DisplayModel.swift */,
			);
			path = Models;
			sourceTree = "<group>";
		};
		4B283B9B2E288C9300FDC1B4 /* ViewModels */ = {
			isa = PBXGroup;
			children = (
				4B283B972E288BD100FDC1B4 /* VideoPlaybackViewModel.swift */,
			);
			path = ViewModels;
			sourceTree = "<group>";
		};
		4B283B9C2E288C9C00FDC1B4 /* Services */ = {
			isa = PBXGroup;
			children = (
				4B283B9D2E288D2800FDC1B4 /* VideoPicker.swift */,
			);
			path = Services;
			sourceTree = "<group>";
		};
		4BF2DA352E260BB000264EAF = {
			isa = PBXGroup;
			children = (
				4BF2DA402E260BB000264EAF /* Biometry */,
				4BF2DA3F2E260BB000264EAF /* Products */,
			);
			sourceTree = "<group>";
		};
		4BF2DA3F2E260BB000264EAF /* Products */ = {
			isa = PBXGroup;
			children = (
				4BF2DA3E2E260BB000264EAF /* Biometry.app */,
			);
			name = Products;
			sourceTree = "<group>";
		};
		4BF2DA402E260BB000264EAF /* Biometry */ = {
			isa = PBXGroup;
			children = (
				4B283B992E288C6500FDC1B4 /* App */,
				4B283B9A2E288C8400FDC1B4 /* Models */,
				4B283B9B2E288C9300FDC1B4 /* ViewModels */,
				4B283B9C2E288C9C00FDC1B4 /* Services */,
				4BF2DA6C2E260F6200264EAF /* Components */,
				4BF2DA6F2E26217A00264EAF /* Views */,
				4BF2DA452E260BB100264EAF /* Assets.xcassets */,
				4BF2DA4A2E260BB100264EAF /* Biometry.entitlements */,
				4BF2DA472E260BB100264EAF /* Preview Content */,
			);
			path = Biometry;
			sourceTree = "<group>";
		};
		4BF2DA472E260BB100264EAF /* Preview Content */ = {
			isa = PBXGroup;
			children = (
				4BF2DA482E260BB100264EAF /* Preview Assets.xcassets */,
			);
			path = "Preview Content";
			sourceTree = "<group>";
		};
		4BF2DA6C2E260F6200264EAF /* Components */ = {
			isa = PBXGroup;
			children = (
				4B283B952E288A3A00FDC1B4 /* HeaderView.swift */,
				4BF2DA6D2E260F8600264EAF /* PrimaryButton.swift */,
			);
			path = Components;
			sourceTree = "<group>";
		};
		4BF2DA6F2E26217A00264EAF /* Views */ = {
			isa = PBXGroup;
			children = (
				4BF2DA432E260BB000264EAF /* ContentView.swift */,
				4B283BA12E288FA400FDC1B4 /* InlinePreviewView.swift */,
				4B283B9F2E288F2A00FDC1B4 /* ScreenSelectionView.swift */,
			);
			path = Views;
			sourceTree = "<group>";
		};
/* End PBXGroup section */

/* Begin PBXNativeTarget section */
		4BF2DA3D2E260BB000264EAF /* Biometry */ = {
			isa = PBXNativeTarget;
			buildConfigurationList = 4BF2DA632E260BB100264EAF /* Build configuration list for PBXNativeTarget "Biometry" */;
			buildPhases = (
				4BF2DA3A2E260BB000264EAF /* Sources */,
				4BF2DA3B2E260BB000264EAF /* Frameworks */,
				4BF2DA3C2E260BB000264EAF /* Resources */,
			);
			buildRules = (
			);
			dependencies = (
			);
			name = Biometry;
			productName = Biometry;
			productReference = 4BF2DA3E2E260BB000264EAF /* Biometry.app */;
			productType = "com.apple.product-type.application";
		};
/* End PBXNativeTarget section */

/* Begin PBXProject section */
		4BF2DA362E260BB000264EAF /* Project object */ = {
			isa = PBXProject;
			attributes = {
				BuildIndependentTargetsInParallel = 1;
				LastSwiftUpdateCheck = 1520;
				LastUpgradeCheck = 1520;
				TargetAttributes = {
					4BF2DA3D2E260BB000264EAF = {
						CreatedOnToolsVersion = 15.2;
					};
				};
			};
			buildConfigurationList = 4BF2DA392E260BB000264EAF /* Build configuration list for PBXProject "Biometry" */;
			compatibilityVersion = "Xcode 14.0";
			developmentRegion = en;
			hasScannedForEncodings = 0;
			knownRegions = (
				en,
				Base,
			);
			mainGroup = 4BF2DA352E260BB000264EAF;
			productRefGroup = 4BF2DA3F2E260BB000264EAF /* Products */;
			projectDirPath = "";
			projectRoot = "";
			targets = (
				4BF2DA3D2E260BB000264EAF /* Biometry */,
			);
		};
/* End PBXProject section */

/* Begin PBXResourcesBuildPhase section */
		4BF2DA3C2E260BB000264EAF /* Resources */ = {
			isa = PBXResourcesBuildPhase;
			buildActionMask = 2147483647;
			files = (
				4BF2DA492E260BB100264EAF /* Preview Assets.xcassets in Resources */,
				4BF2DA462E260BB100264EAF /* Assets.xcassets in Resources */,
			);
			runOnlyForDeploymentPostprocessing = 0;
		};
/* End PBXResourcesBuildPhase section */

/* Begin PBXSourcesBuildPhase section */
		4BF2DA3A2E260BB000264EAF /* Sources */ = {
			isa = PBXSourcesBuildPhase;
			buildActionMask = 2147483647;
			files = (
				4B283B962E288A3A00FDC1B4 /* HeaderView.swift in Sources */,
				4BF2DA6E2E260F8600264EAF /* PrimaryButton.swift in Sources */,
				4BF2DA442E260BB000264EAF /* ContentView.swift in Sources */,
				4B283B982E288BD100FDC1B4 /* VideoPlaybackViewModel.swift in Sources */,
				4B283BA42E2893DD00FDC1B4 /* DisplayModel.swift in Sources */,
				4B283B9E2E288D2800FDC1B4 /* VideoPicker.swift in Sources */,
				4B283BA02E288F2A00FDC1B4 /* ScreenSelectionView.swift in Sources */,
				4B283BA22E288FA400FDC1B4 /* InlinePreviewView.swift in Sources */,
				4BF2DA422E260BB000264EAF /* BiometryApp.swift in Sources */,
			);
			runOnlyForDeploymentPostprocessing = 0;
		};
/* End PBXSourcesBuildPhase section */

/* Begin XCBuildConfiguration section */
		4BF2DA612E260BB100264EAF /* Debug */ = {
			isa = XCBuildConfiguration;
			buildSettings = {
				ALWAYS_SEARCH_USER_PATHS = NO;
				ASSETCATALOG_COMPILER_GENERATE_SWIFT_ASSET_SYMBOL_EXTENSIONS = YES;
				CLANG_ANALYZER_NONNULL = YES;
				CLANG_ANALYZER_NUMBER_OBJECT_CONVERSION = YES_AGGRESSIVE;
				CLANG_CXX_LANGUAGE_STANDARD = "gnu++20";
				CLANG_ENABLE_MODULES = YES;
				CLANG_ENABLE_OBJC_ARC = YES;
				CLANG_ENABLE_OBJC_WEAK = YES;
				CLANG_WARN_BLOCK_CAPTURE_AUTORELEASING = YES;
				CLANG_WARN_BOOL_CONVERSION = YES;
				CLANG_WARN_COMMA = YES;
				CLANG_WARN_CONSTANT_CONVERSION = YES;
				CLANG_WARN_DEPRECATED_OBJC_IMPLEMENTATIONS = YES;
				CLANG_WARN_DIRECT_OBJC_ISA_USAGE = YES_ERROR;
				CLANG_WARN_DOCUMENTATION_COMMENTS = YES;
				CLANG_WARN_EMPTY_BODY = YES;
				CLANG_WARN_ENUM_CONVERSION = YES;
				CLANG_WARN_INFINITE_RECURSION = YES;
				CLANG_WARN_INT_CONVERSION = YES;
				CLANG_WARN_NON_LITERAL_NULL_CONVERSION = YES;
				CLANG_WARN_OBJC_IMPLICIT_RETAIN_SELF = YES;
				CLANG_WARN_OBJC_LITERAL_CONVERSION = YES;
				CLANG_WARN_OBJC_ROOT_CLASS = YES_ERROR;
				CLANG_WARN_QUOTED_INCLUDE_IN_FRAMEWORK_HEADER = YES;
				CLANG_WARN_RANGE_LOOP_ANALYSIS = YES;
				CLANG_WARN_STRICT_PROTOTYPES = YES;
				CLANG_WARN_SUSPICIOUS_MOVE = YES;
				CLANG_WARN_UNGUARDED_AVAILABILITY = YES_AGGRESSIVE;
				CLANG_WARN_UNREACHABLE_CODE = YES;
				CLANG_WARN__DUPLICATE_METHOD_MATCH = YES;
				COPY_PHASE_STRIP = NO;
				DEBUG_INFORMATION_FORMAT = dwarf;
				ENABLE_STRICT_OBJC_MSGSEND = YES;
				ENABLE_TESTABILITY = YES;
				ENABLE_USER_SCRIPT_SANDBOXING = YES;
				GCC_C_LANGUAGE_STANDARD = gnu17;
				GCC_DYNAMIC_NO_PIC = NO;
				GCC_NO_COMMON_BLOCKS = YES;
				GCC_OPTIMIZATION_LEVEL = 0;
				GCC_PREPROCESSOR_DEFINITIONS = (
					"DEBUG=1",
					"$(inherited)",
				);
				GCC_WARN_64_TO_32_BIT_CONVERSION = YES;
				GCC_WARN_ABOUT_RETURN_TYPE = YES_ERROR;
				GCC_WARN_UNDECLARED_SELECTOR = YES;
				GCC_WARN_UNINITIALIZED_AUTOS = YES_AGGRESSIVE;
				GCC_WARN_UNUSED_FUNCTION = YES;
				GCC_WARN_UNUSED_VARIABLE = YES;
				LOCALIZATION_PREFERS_STRING_CATALOGS = YES;
				MACOSX_DEPLOYMENT_TARGET = 14.2;
				MTL_ENABLE_DEBUG_INFO = INCLUDE_SOURCE;
				MTL_FAST_MATH = YES;
				ONLY_ACTIVE_ARCH = YES;
				SDKROOT = macosx;
				SWIFT_ACTIVE_COMPILATION_CONDITIONS = "DEBUG $(inherited)";
				SWIFT_OPTIMIZATION_LEVEL = "-Onone";
			};
			name = Debug;
		};
		4BF2DA622E260BB100264EAF /* Release */ = {
			isa = XCBuildConfiguration;
			buildSettings = {
				ALWAYS_SEARCH_USER_PATHS = NO;
				ASSETCATALOG_COMPILER_GENERATE_SWIFT_ASSET_SYMBOL_EXTENSIONS = YES;
				CLANG_ANALYZER_NONNULL = YES;
				CLANG_ANALYZER_NUMBER_OBJECT_CONVERSION = YES_AGGRESSIVE;
				CLANG_CXX_LANGUAGE_STANDARD = "gnu++20";
				CLANG_ENABLE_MODULES = YES;
				CLANG_ENABLE_OBJC_ARC = YES;
				CLANG_ENABLE_OBJC_WEAK = YES;
				CLANG_WARN_BLOCK_CAPTURE_AUTORELEASING = YES;
				CLANG_WARN_BOOL_CONVERSION = YES;
				CLANG_WARN_COMMA = YES;
				CLANG_WARN_CONSTANT_CONVERSION = YES;
				CLANG_WARN_DEPRECATED_OBJC_IMPLEMENTATIONS = YES;
				CLANG_WARN_DIRECT_OBJC_ISA_USAGE = YES_ERROR;
				CLANG_WARN_DOCUMENTATION_COMMENTS = YES;
				CLANG_WARN_EMPTY_BODY = YES;
				CLANG_WARN_ENUM_CONVERSION = YES;
				CLANG_WARN_INFINITE_RECURSION = YES;
				CLANG_WARN_INT_CONVERSION = YES;
				CLANG_WARN_NON_LITERAL_NULL_CONVERSION = YES;
				CLANG_WARN_OBJC_IMPLICIT_RETAIN_SELF = YES;
				CLANG_WARN_OBJC_LITERAL_CONVERSION = YES;
				CLANG_WARN_OBJC_ROOT_CLASS = YES_ERROR;
				CLANG_WARN_QUOTED_INCLUDE_IN_FRAMEWORK_HEADER = YES;
				CLANG_WARN_RANGE_LOOP_ANALYSIS = YES;
				CLANG_WARN_STRICT_PROTOTYPES = YES;
				CLANG_WARN_SUSPICIOUS_MOVE = YES;
				CLANG_WARN_UNGUARDED_AVAILABILITY = YES_AGGRESSIVE;
				CLANG_WARN_UNREACHABLE_CODE = YES;
				CLANG_WARN__DUPLICATE_METHOD_MATCH = YES;
				COPY_PHASE_STRIP = NO;
				DEBUG_INFORMATION_FORMAT = "dwarf-with-dsym";
				ENABLE_NS_ASSERTIONS = NO;
				ENABLE_STRICT_OBJC_MSGSEND = YES;
				ENABLE_USER_SCRIPT_SANDBOXING = YES;
				GCC_C_LANGUAGE_STANDARD = gnu17;
				GCC_NO_COMMON_BLOCKS = YES;
				GCC_WARN_64_TO_32_BIT_CONVERSION = YES;
				GCC_WARN_ABOUT_RETURN_TYPE = YES_ERROR;
				GCC_WARN_UNDECLARED_SELECTOR = YES;
				GCC_WARN_UNINITIALIZED_AUTOS = YES_AGGRESSIVE;
				GCC_WARN_UNUSED_FUNCTION = YES;
				GCC_WARN_UNUSED_VARIABLE = YES;
				LOCALIZATION_PREFERS_STRING_CATALOGS = YES;
				MACOSX_DEPLOYMENT_TARGET = 14.2;
				MTL_ENABLE_DEBUG_INFO = NO;
				MTL_FAST_MATH = YES;
				SDKROOT = macosx;
				SWIFT_COMPILATION_MODE = wholemodule;
			};
			name = Release;
		};
		4BF2DA642E260BB100264EAF /* Debug */ = {
			isa = XCBuildConfiguration;
			buildSettings = {
				ASSETCATALOG_COMPILER_APPICON_NAME = AppIcon;
				ASSETCATALOG_COMPILER_GLOBAL_ACCENT_COLOR_NAME = AccentColor;
				CODE_SIGN_ENTITLEMENTS = Biometry/Biometry.entitlements;
				CODE_SIGN_IDENTITY = "-";
				"CODE_SIGN_IDENTITY[sdk=macosx*]" = "-";
				CODE_SIGN_STYLE = Automatic;
				COMBINE_HIDPI_IMAGES = YES;
				CURRENT_PROJECT_VERSION = 1;
				DEVELOPMENT_ASSET_PATHS = "\"Biometry/Preview Content\"";
				DEVELOPMENT_TEAM = 8BZQFRK58K;
				ENABLE_PREVIEWS = YES;
				GENERATE_INFOPLIST_FILE = YES;
				INFOPLIST_KEY_NSHumanReadableCopyright = "";
				LD_RUNPATH_SEARCH_PATHS = (
					"$(inherited)",
					"@executable_path/../Frameworks",
				);
				MARKETING_VERSION = 1.0;
				PRODUCT_BUNDLE_IDENTIFIER = com.Nakatomi.Biometry;
				PRODUCT_NAME = "$(TARGET_NAME)";
				PROVISIONING_PROFILE_SPECIFIER = "";
				SWIFT_EMIT_LOC_STRINGS = YES;
				SWIFT_VERSION = 5.0;
			};
			name = Debug;
		};
		4BF2DA652E260BB100264EAF /* Release */ = {
			isa = XCBuildConfiguration;
			buildSettings = {
				ASSETCATALOG_COMPILER_APPICON_NAME = AppIcon;
				ASSETCATALOG_COMPILER_GLOBAL_ACCENT_COLOR_NAME = AccentColor;
				CODE_SIGN_ENTITLEMENTS = Biometry/Biometry.entitlements;
				CODE_SIGN_IDENTITY = "-";
				"CODE_SIGN_IDENTITY[sdk=macosx*]" = "-";
				CODE_SIGN_STYLE = Automatic;
				COMBINE_HIDPI_IMAGES = YES;
				CURRENT_PROJECT_VERSION = 1;
				DEVELOPMENT_ASSET_PATHS = "\"Biometry/Preview Content\"";
				DEVELOPMENT_TEAM = 8BZQFRK58K;
				ENABLE_PREVIEWS = YES;
				GENERATE_INFOPLIST_FILE = YES;
				INFOPLIST_KEY_NSHumanReadableCopyright = "";
				LD_RUNPATH_SEARCH_PATHS = (
					"$(inherited)",
					"@executable_path/../Frameworks",
				);
				MARKETING_VERSION = 1.0;
				PRODUCT_BUNDLE_IDENTIFIER = com.Nakatomi.Biometry;
				PRODUCT_NAME = "$(TARGET_NAME)";
				PROVISIONING_PROFILE_SPECIFIER = "";
				SWIFT_EMIT_LOC_STRINGS = YES;
				SWIFT_VERSION = 5.0;
			};
			name = Release;
		};
/* End XCBuildConfiguration section */

/* Begin XCConfigurationList section */
		4BF2DA392E260BB000264EAF /* Build configuration list for PBXProject "Biometry" */ = {
			isa = XCConfigurationList;
			buildConfigurations = (
				4BF2DA612E260BB100264EAF /* Debug */,
				4BF2DA622E260BB100264EAF /* Release */,
			);
			defaultConfigurationIsVisible = 0;
			defaultConfigurationName = Release;
		};
		4BF2DA632E260BB100264EAF /* Build configuration list for PBXNativeTarget "Biometry" */ = {
			isa = XCConfigurationList;
			buildConfigurations = (
				4BF2DA642E260BB100264EAF /* Debug */,
				4BF2DA652E260BB100264EAF /* Release */,
			);
			defaultConfigurationIsVisible = 0;
			defaultConfigurationName = Release;
		};
/* End XCConfigurationList section */
	};
	rootObject = 4BF2DA362E260BB000264EAF /* Project object */;
}
